
Microsoft Visual Studio Solution File, Format Version 12.00
# Visual Studio Version 17
VisualStudioVersion = 17.1.32328.378
MinimumVisualStudioVersion = 10.0.40219.1
Project("{FAE04EC0-301F-11D3-BF4B-00C04F79EFBC}") = "StocksApplication", "StocksApplication\StocksApplication.csproj", "{D853C773-7B37-416F-883E-0EF7C9C1D546}"
EndProject
Global
	GlobalSection(SolutionConfigurationPlatforms) = preSolution
		Debug|Any CPU = Debug|Any CPU
		Release|Any CPU = Release|Any CPU
	EndGlobalSection
	GlobalSection(ProjectConfigurationPlatforms) = postSolution
		{D853C773-7B37-416F-883E-0EF7C9C1D546}.Debug|Any CPU.ActiveCfg = Debug|Any CPU
		{D853C773-7B37-416F-883E-0EF7C9C1D546}.Debug|Any CPU.Build.0 = Debug|Any CPU
		{D853C773-7B37-416F-883E-0EF7C9C1D546}.Release|Any CPU.ActiveCfg = Release|Any CPU
		{D853C773-7B37-416F-883E-0EF7C9C1D546}.Release|Any CPU.Build.0 = Release|Any CPU
	EndGlobalSection
	GlobalSection(SolutionProperties) = preSolution
		HideSolutionNode = FALSE
	EndGlobalSection
	GlobalSection(ExtensibilityGlobals) = postSolution
		SolutionGuid = {244E1799-91F2-49DC-BAAF-4DCFA58BD0F7}
	EndGlobalSection
EndGlobal
